# Generated by move; do not edit
# This file should be checked in.

[move]
version = 4

[pinned.localnet.MoveStdlib]
source = { git = "https://github.com/MystenLabs/sui.git", subdir = "crates/sui-framework/packages/move-stdlib", rev = "b38bca86f0323b3fe8b6b7f4ca0cd7ae7faebe4b" }
use_environment = "localnet"
manifest_digest = "C4FE4C91DE74CBF223B2E380AE40F592177D21870DC2D7EB6227D2D694E05363"
deps = {}

[pinned.localnet.MoveStdlib_1]
source = { git = "https://github.com/MystenLabs/sui.git", subdir = "crates/sui-framework/packages/move-stdlib", rev = "a9a6825eaf6273cc819ee3bcf65fd4909f7624a9" }
use_environment = "localnet"
manifest_digest = "C4FE4C91DE74CBF223B2E380AE40F592177D21870DC2D7EB6227D2D694E05363"
deps = {}

[pinned.localnet.Sui]
source = { git = "https://github.com/MystenLabs/sui.git", subdir = "crates/sui-framework/packages/sui-framework", rev = "b38bca86f0323b3fe8b6b7f4ca0cd7ae7faebe4b" }
use_environment = "localnet"
manifest_digest = "CC15CB146CA1113370B03476BFF694B88F43F77D8DEE7C23CC0C78AB0634420D"
deps = { MoveStdlib = "MoveStdlib" }

[pinned.localnet.Sui_1]
source = { git = "https://github.com/MystenLabs/sui.git", subdir = "crates/sui-framework/packages/sui-framework", rev = "a9a6825eaf6273cc819ee3bcf65fd4909f7624a9" }
use_environment = "localnet"
manifest_digest = "CC15CB146CA1113370B03476BFF694B88F43F77D8DEE7C23CC0C78AB0634420D"
deps = { MoveStdlib = "MoveStdlib_1" }

[pinned.localnet.World]
source = { local = "../../world-contracts/contracts/world" }
use_environment = "localnet"
manifest_digest = "F8D772EDBB9358971958F9C67DF89A6EBE5B5F89AC6A1B5C9A209A15EFFB3691"
deps = { Sui = "Sui_1" }

[pinned.localnet.contract_board]
source = { root = true }
use_environment = "localnet"
manifest_digest = "4811E72BE52F4D350CBFA2E32C54092844E7748941D3317F76EE238E5BF250F1"
deps = { std = "MoveStdlib", sui = "Sui", tribe = "tribe", world = "World" }

[pinned.localnet.tribe]
source = { local = "../tribe" }
use_environment = "localnet"
manifest_digest = "4E5BDE97336FD5F805ABB534AC3C87EC9E26827514F3ED377E328AA3048AABEF"
deps = { std = "MoveStdlib", sui = "Sui", world = "World" }
